
Microsoft Visual Studio Solution File, Format Version 12.00
# Visual Studio Version 17
VisualStudioVersion = 17.9.34622.214
MinimumVisualStudioVersion = 10.0.40219.1
Project("{FAE04EC0-301F-11D3-BF4B-00C04F79EFBC}") = "WinFormsApp", "WinFormsApp\WinFormsApp.csproj", "{A66AF575-0C3B-4950-A2F4-3089D416CAEF}"
EndProject
Project("{FAE04EC0-301F-11D3-BF4B-00C04F79EFBC}") = "WinFormsControlLibrary", "WinFormsControlLibrary\WinFormsControlLibrary.csproj", "{0EBDAC90-40E0-4C2B-86CE-F2963F3E9D14}"
EndProject
Global
	GlobalSection(SolutionConfigurationPlatforms) = preSolution
		Debug|Any CPU = Debug|Any CPU
		Release|Any CPU = Release|Any CPU
	EndGlobalSection
	GlobalSection(ProjectConfigurationPlatforms) = postSolution
		{A66AF575-0C3B-4950-A2F4-3089D416CAEF}.Debug|Any CPU.ActiveCfg = Debug|Any CPU
		{A66AF575-0C3B-4950-A2F4-3089D416CAEF}.Debug|Any CPU.Build.0 = Debug|Any CPU
		{A66AF575-0C3B-4950-A2F4-3089D416CAEF}.Release|Any CPU.ActiveCfg = Release|Any CPU
		{A66AF575-0C3B-4950-A2F4-3089D416CAEF}.Release|Any CPU.Build.0 = Release|Any CPU
		{0EBDAC90-40E0-4C2B-86CE-F2963F3E9D14}.Debug|Any CPU.ActiveCfg = Debug|Any CPU
		{0EBDAC90-40E0-4C2B-86CE-F2963F3E9D14}.Debug|Any CPU.Build.0 = Debug|Any CPU
		{0EBDAC90-40E0-4C2B-86CE-F2963F3E9D14}.Release|Any CPU.ActiveCfg = Release|Any CPU
		{0EBDAC90-40E0-4C2B-86CE-F2963F3E9D14}.Release|Any CPU.Build.0 = Release|Any CPU
	EndGlobalSection
	GlobalSection(SolutionProperties) = preSolution
		HideSolutionNode = FALSE
	EndGlobalSection
	GlobalSection(ExtensibilityGlobals) = postSolution
		SolutionGuid = {C7C55DB8-4AC5-4698-9431-937032A277A0}
	EndGlobalSection
EndGlobal
